Microsoft Visual Studio Solution File, Format Version 12.00
# Visual Studio Version 17
VisualStudioVersion = 17.5.2.0
MinimumVisualStudioVersion = 10.0.40219.1
Project("{2150E333-8FDC-42A3-9474-1A3956D46DE8}") = "hotel-backend", "hotel-backend", "{E5575764-BE43-C57B-8893-6DF81848FEAD}"
EndProject
Project("{FAE04EC0-301F-11D3-BF4B-00C04F79EFBC}") = "HotelBackend", "hotel-backend\HotelBackend.csproj", "{87DCAD8B-7432-9D85-BB54-9917F00D87DE}"
EndProject
Global
	GlobalSection(SolutionConfigurationPlatforms) = preSolution
		Debug|Any CPU = Debug|Any CPU
		Release|Any CPU = Release|Any CPU
	EndGlobalSection
	GlobalSection(ProjectConfigurationPlatforms) = postSolution
		{87DCAD8B-7432-9D85-BB54-9917F00D87DE}.Debug|Any CPU.ActiveCfg = Debug|Any CPU
		{87DCAD8B-7432-9D85-BB54-9917F00D87DE}.Debug|Any CPU.Build.0 = Debug|Any CPU
		{87DCAD8B-7432-9D85-BB54-9917F00D87DE}.Release|Any CPU.ActiveCfg = Release|Any CPU
		{87DCAD8B-7432-9D85-BB54-9917F00D87DE}.Release|Any CPU.Build.0 = Release|Any CPU
	EndGlobalSection
	GlobalSection(SolutionProperties) = preSolution
		HideSolutionNode = FALSE
	EndGlobalSection
	GlobalSection(NestedProjects) = preSolution
		{87DCAD8B-7432-9D85-BB54-9917F00D87DE} = {E5575764-BE43-C57B-8893-6DF81848FEAD}
	EndGlobalSection
	GlobalSection(ExtensibilityGlobals) = postSolution
		SolutionGuid = {109C3C8F-AB20-4F13-9BF9-E77CC5A0F3DA}
	EndGlobalSection
EndGlobal
